
Microsoft Visual Studio Solution File, Format Version 12.00
# Visual Studio Version 16
VisualStudioVersion = 16.0.29911.84
MinimumVisualStudioVersion = 10.0.40219.1
Project("{FAE04EC0-301F-11D3-BF4B-00C04F79EFBC}") = "Internet Traffc Check", "Internet Traffc Check\Internet Traffc Check.csproj", "{C5F4958E-2D2A-4213-9F53-FE86DAFEFB63}"
EndProject
Global
	GlobalSection(SolutionConfigurationPlatforms) = preSolution
		Debug|Any CPU = Debug|Any CPU
		Release|Any CPU = Release|Any CPU
	EndGlobalSection
	GlobalSection(ProjectConfigurationPlatforms) = postSolution
		{C5F4958E-2D2A-4213-9F53-FE86DAFEFB63}.Debug|Any CPU.ActiveCfg = Debug|Any CPU
		{C5F4958E-2D2A-4213-9F53-FE86DAFEFB63}.Debug|Any CPU.Build.0 = Debug|Any CPU
		{C5F4958E-2D2A-4213-9F53-FE86DAFEFB63}.Release|Any CPU.ActiveCfg = Release|Any CPU
		{C5F4958E-2D2A-4213-9F53-FE86DAFEFB63}.Release|Any CPU.Build.0 = Release|Any CPU
	EndGlobalSection
	GlobalSection(SolutionProperties) = preSolution
		HideSolutionNode = FALSE
	EndGlobalSection
	GlobalSection(ExtensibilityGlobals) = postSolution
		SolutionGuid = {91496451-35B9-4004-B020-B35DA6C9D4B5}
	EndGlobalSection
EndGlobal
